# This file is automatically @generated by Cargo.
# It is not intended for manual editing.
version = 4

[[package]]
name = "cashkit"
version = "0.1.0"
source = "registry+https://github.com/rust-lang/crates.io-index"
checksum = "b6c8ee397b59b4fe4dfec89916ecb9c0d01c9e835b3ee0ccea0be098d654ed75"

[[package]]
name = "curr"
version = "0.1.0"
dependencies = [
 "cashkit",
]
